{
  "name": "astrovinylart",
  "version": "1.0.0",
  "lockfileVersion": 2,
  "requires": true,
  "packages": {
    "": {
      "name": "astrovinylart",
      "version": "1.0.0",
      "license": "ISC",
      "dependencies": {
        "cloudinary": "^1.27.0",
        "colors": "^1.4.0",
        "dotenv": "^10.0.0"
      }
    },
    "node_modules/cloudinary": {
      "version": "1.27.0",
      "resolved": "https://registry.npmjs.org/cloudinary/-/cloudinary-1.27.0.tgz",
      "integrity": "sha512-3Slh8gTmEfaut+ZBIMByOXaD60QP5uw46zn3lyYYEA0mhTQ82FIrwfj98s0eZ6PciQJIJ+Ea4QPBl7Ji21TQEA==",
      "dependencies": {
        "cloudinary-core": "^2.10.2",
        "core-js": "3.6.5",
        "lodash": "^4.17.11",
        "q": "^1.5.1"
      },
      "engines": {
        "node": ">=0.6"
      }
    },
    "node_modules/cloudinary-core": {
      "version": "2.11.4",
      "resolved": "https://registry.npmjs.org/cloudinary-core/-/cloudinary-core-2.11.4.tgz",
      "integrity": "sha512-F1BZczD6f5mB73D0c8gl/iuacVQQO+UhckNZxeeS9ZIVeIHbsfqwWiAZMQmIvEb7Wti/9MLU0xVwaWOak2THHA==",
      "peerDependencies": {
        "lodash": ">=4.0"
      }
    },
    "node_modules/colors": {
      "version": "1.4.0",
      "resolved": "https://registry.npmjs.org/colors/-/colors-1.4.0.tgz",
      "integrity": "sha512-a+UqTh4kgZg/SlGvfbzDHpgRu7AAQOmmqRHJnxhRZICKFUT91brVhNNt58CMWU9PsBbv3PDCZUHbVxuDiH2mtA==",
      "engines": {
        "node": ">=0.1.90"
      }
    },
    "node_modules/core-js": {
      "version": "3.6.5",
      "resolved": "https://registry.npmjs.org/core-js/-/core-js-3.6.5.tgz",
      "integrity": "sha512-vZVEEwZoIsI+vPEuoF9Iqf5H7/M3eeQqWlQnYa8FSKKePuYTf5MWnxb5SDAzCa60b3JBRS5g9b+Dq7b1y/RCrA==",
      "hasInstallScript": true,
      "funding": {
        "type": "opencollective",
        "url": "https://opencollective.com/core-js"
      }
    },
    "node_modules/dotenv": {
      "version": "10.0.0",
      "resolved": "https://registry.npmjs.org/dotenv/-/dotenv-10.0.0.tgz",
      "integrity": "sha512-rlBi9d8jpv9Sf1klPjNfFAuWDjKLwTIJJ/VxtoTwIR6hnZxcEOQCZg2oIL3MWBYw5GpUDKOEnND7LXTbIpQ03Q==",
      "engines": {
        "node": ">=10"
      }
    },
    "node_modules/lodash": {
      "version": "4.17.21",
      "resolved": "https://registry.npmjs.org/lodash/-/lodash-4.17.21.tgz",
      "integrity": "sha512-v2kDEe57lecTulaDIuNTPy3Ry4gLGJ6Z1O3vE1krgXZNrsQ+LFTGHVxVjcXPs17LhbZVGedAJv8XZ1tvj5FvSg=="
    },
    "node_modules/q": {
      "version": "1.5.1",
      "resolved": "https://registry.npmjs.org/q/-/q-1.5.1.tgz",
      "integrity": "sha1-fjL3W0E4EpHQRhHxvxQQmsAGUdc=",
      "engines": {
        "node": ">=0.6.0",
        "teleport": ">=0.2.0"
      }
    }
  },
  "dependencies": {
    "cloudinary": {
      "version": "1.27.0",
      "resolved": "https://registry.npmjs.org/cloudinary/-/cloudinary-1.27.0.tgz",
      "integrity": "sha512-3Slh8gTmEfaut+ZBIMByOXaD60QP5uw46zn3lyYYEA0mhTQ82FIrwfj98s0eZ6PciQJIJ+Ea4QPBl7Ji21TQEA==",
      "requires": {
        "cloudinary-core": "^2.10.2",
        "core-js": "3.6.5",
        "lodash": "^4.17.11",
        "q": "^1.5.1"
      }
    },
    "cloudinary-core": {
      "version": "2.11.4",
      "resolved": "https://registry.npmjs.org/cloudinary-core/-/cloudinary-core-2.11.4.tgz",
      "integrity": "sha512-F1BZczD6f5mB73D0c8gl/iuacVQQO+UhckNZxeeS9ZIVeIHbsfqwWiAZMQmIvEb7Wti/9MLU0xVwaWOak2THHA==",
      "requires": {}
    },
    "colors": {
      "version": "1.4.0",
      "resolved": "https://registry.npmjs.org/colors/-/colors-1.4.0.tgz",
      "integrity": "sha512-a+UqTh4kgZg/SlGvfbzDHpgRu7AAQOmmqRHJnxhRZICKFUT91brVhNNt58CMWU9PsBbv3PDCZUHbVxuDiH2mtA=="
    },
    "core-js": {
      "version": "3.6.5",
      "resolved": "https://registry.npmjs.org/core-js/-/core-js-3.6.5.tgz",
      "integrity": "sha512-vZVEEwZoIsI+vPEuoF9Iqf5H7/M3eeQqWlQnYa8FSKKePuYTf5MWnxb5SDAzCa60b3JBRS5g9b+Dq7b1y/RCrA=="
    },
    "dotenv": {
      "version": "10.0.0",
      "resolved": "https://registry.npmjs.org/dotenv/-/dotenv-10.0.0.tgz",
      "integrity": "sha512-rlBi9d8jpv9Sf1klPjNfFAuWDjKLwTIJJ/VxtoTwIR6hnZxcEOQCZg2oIL3MWBYw5GpUDKOEnND7LXTbIpQ03Q=="
    },
    "lodash": {
      "version": "4.17.21",
      "resolved": "https://registry.npmjs.org/lodash/-/lodash-4.17.21.tgz",
      "integrity": "sha512-v2kDEe57lecTulaDIuNTPy3Ry4gLGJ6Z1O3vE1krgXZNrsQ+LFTGHVxVjcXPs17LhbZVGedAJv8XZ1tvj5FvSg=="
    },
    "q": {
      "version": "1.5.1",
      "resolved": "https://registry.npmjs.org/q/-/q-1.5.1.tgz",
      "integrity": "sha1-fjL3W0E4EpHQRhHxvxQQmsAGUdc="
    }
  }
}
